
Microsoft Visual Studio Solution File, Format Version 12.00
# Visual Studio Version 16
VisualStudioVersion = 16.0.31613.86
MinimumVisualStudioVersion = 10.0.40219.1
Project("{FAE04EC0-301F-11D3-BF4B-00C04F79EFBC}") = "techy.Android", "techy\techy.Android\techy.Android.csproj", "{48F231E7-0C29-4C58-A76B-AE4FA08FDCE4}"
EndProject
Project("{FAE04EC0-301F-11D3-BF4B-00C04F79EFBC}") = "techy.iOS", "techy\techy.iOS\techy.iOS.csproj", "{EA2A2B5E-E6EF-4DC5-98B7-5B8EB242FA0A}"
EndProject
Project("{FAE04EC0-301F-11D3-BF4B-00C04F79EFBC}") = "techy", "techy\techy\techy.csproj", "{22D771B0-B23C-4140-AC9E-636988ECF667}"
EndProject
Global
	GlobalSection(SolutionConfigurationPlatforms) = preSolution
		Debug|Any CPU = Debug|Any CPU
		Debug|iPhone = Debug|iPhone
		Debug|iPhoneSimulator = Debug|iPhoneSimulator
		Release|Any CPU = Release|Any CPU
		Release|iPhone = Release|iPhone
		Release|iPhoneSimulator = Release|iPhoneSimulator
	EndGlobalSection
	GlobalSection(ProjectConfigurationPlatforms) = postSolution
		{48F231E7-0C29-4C58-A76B-AE4FA08FDCE4}.Debug|Any CPU.ActiveCfg = Debug|Any CPU
		{48F231E7-0C29-4C58-A76B-AE4FA08FDCE4}.Debug|Any CPU.Build.0 = Debug|Any CPU
		{48F231E7-0C29-4C58-A76B-AE4FA08FDCE4}.Debug|Any CPU.Deploy.0 = Debug|Any CPU
		{48F231E7-0C29-4C58-A76B-AE4FA08FDCE4}.Debug|iPhone.ActiveCfg = Debug|Any CPU
		{48F231E7-0C29-4C58-A76B-AE4FA08FDCE4}.Debug|iPhone.Build.0 = Debug|Any CPU
		{48F231E7-0C29-4C58-A76B-AE4FA08FDCE4}.Debug|iPhone.Deploy.0 = Debug|Any CPU
		{48F231E7-0C29-4C58-A76B-AE4FA08FDCE4}.Debug|iPhoneSimulator.ActiveCfg = Debug|Any CPU
		{48F231E7-0C29-4C58-A76B-AE4FA08FDCE4}.Debug|iPhoneSimulator.Build.0 = Debug|Any CPU
		{48F231E7-0C29-4C58-A76B-AE4FA08FDCE4}.Debug|iPhoneSimulator.Deploy.0 = Debug|Any CPU
		{48F231E7-0C29-4C58-A76B-AE4FA08FDCE4}.Release|Any CPU.ActiveCfg = Release|Any CPU
		{48F231E7-0C29-4C58-A76B-AE4FA08FDCE4}.Release|Any CPU.Build.0 = Release|Any CPU
		{48F231E7-0C29-4C58-A76B-AE4FA08FDCE4}.Release|Any CPU.Deploy.0 = Release|Any CPU
		{48F231E7-0C29-4C58-A76B-AE4FA08FDCE4}.Release|iPhone.ActiveCfg = Release|Any CPU
		{48F231E7-0C29-4C58-A76B-AE4FA08FDCE4}.Release|iPhone.Build.0 = Release|Any CPU
		{48F231E7-0C29-4C58-A76B-AE4FA08FDCE4}.Release|iPhone.Deploy.0 = Release|Any CPU
		{48F231E7-0C29-4C58-A76B-AE4FA08FDCE4}.Release|iPhoneSimulator.ActiveCfg = Release|Any CPU
		{48F231E7-0C29-4C58-A76B-AE4FA08FDCE4}.Release|iPhoneSimulator.Build.0 = Release|Any CPU
		{48F231E7-0C29-4C58-A76B-AE4FA08FDCE4}.Release|iPhoneSimulator.Deploy.0 = Release|Any CPU
		{EA2A2B5E-E6EF-4DC5-98B7-5B8EB242FA0A}.Debug|Any CPU.ActiveCfg = Debug|iPhone
		{EA2A2B5E-E6EF-4DC5-98B7-5B8EB242FA0A}.Debug|Any CPU.Build.0 = Debug|iPhone
		{EA2A2B5E-E6EF-4DC5-98B7-5B8EB242FA0A}.Debug|Any CPU.Deploy.0 = Debug|iPhone
		{EA2A2B5E-E6EF-4DC5-98B7-5B8EB242FA0A}.Debug|iPhone.ActiveCfg = Debug|iPhone
		{EA2A2B5E-E6EF-4DC5-98B7-5B8EB242FA0A}.Debug|iPhone.Build.0 = Debug|iPhone
		{EA2A2B5E-E6EF-4DC5-98B7-5B8EB242FA0A}.Debug|iPhone.Deploy.0 = Debug|iPhone
		{EA2A2B5E-E6EF-4DC5-98B7-5B8EB242FA0A}.Debug|iPhoneSimulator.ActiveCfg = Debug|iPhoneSimulator
		{EA2A2B5E-E6EF-4DC5-98B7-5B8EB242FA0A}.Debug|iPhoneSimulator.Build.0 = Debug|iPhoneSimulator
		{EA2A2B5E-E6EF-4DC5-98B7-5B8EB242FA0A}.Debug|iPhoneSimulator.Deploy.0 = Debug|iPhoneSimulator
		{EA2A2B5E-E6EF-4DC5-98B7-5B8EB242FA0A}.Release|Any CPU.ActiveCfg = Release|iPhoneSimulator
		{EA2A2B5E-E6EF-4DC5-98B7-5B8EB242FA0A}.Release|Any CPU.Build.0 = Release|iPhoneSimulator
		{EA2A2B5E-E6EF-4DC5-98B7-5B8EB242FA0A}.Release|Any CPU.Deploy.0 = Release|iPhoneSimulator
		{EA2A2B5E-E6EF-4DC5-98B7-5B8EB242FA0A}.Release|iPhone.ActiveCfg = Release|iPhone
		{EA2A2B5E-E6EF-4DC5-98B7-5B8EB242FA0A}.Release|iPhone.Build.0 = Release|iPhone
		{EA2A2B5E-E6EF-4DC5-98B7-5B8EB242FA0A}.Release|iPhone.Deploy.0 = Release|iPhone
		{EA2A2B5E-E6EF-4DC5-98B7-5B8EB242FA0A}.Release|iPhoneSimulator.ActiveCfg = Release|iPhoneSimulator
		{EA2A2B5E-E6EF-4DC5-98B7-5B8EB242FA0A}.Release|iPhoneSimulator.Build.0 = Release|iPhoneSimulator
		{EA2A2B5E-E6EF-4DC5-98B7-5B8EB242FA0A}.Release|iPhoneSimulator.Deploy.0 = Release|iPhoneSimulator
		{22D771B0-B23C-4140-AC9E-636988ECF667}.Debug|Any CPU.ActiveCfg = Debug|Any CPU
		{22D771B0-B23C-4140-AC9E-636988ECF667}.Debug|Any CPU.Build.0 = Debug|Any CPU
		{22D771B0-B23C-4140-AC9E-636988ECF667}.Debug|Any CPU.Deploy.0 = Debug|Any CPU
		{22D771B0-B23C-4140-AC9E-636988ECF667}.Debug|iPhone.ActiveCfg = Debug|Any CPU
		{22D771B0-B23C-4140-AC9E-636988ECF667}.Debug|iPhone.Build.0 = Debug|Any CPU
		{22D771B0-B23C-4140-AC9E-636988ECF667}.Debug|iPhone.Deploy.0 = Debug|Any CPU
		{22D771B0-B23C-4140-AC9E-636988ECF667}.Debug|iPhoneSimulator.ActiveCfg = Debug|Any CPU
		{22D771B0-B23C-4140-AC9E-636988ECF667}.Debug|iPhoneSimulator.Build.0 = Debug|Any CPU
		{22D771B0-B23C-4140-AC9E-636988ECF667}.Debug|iPhoneSimulator.Deploy.0 = Debug|Any CPU
		{22D771B0-B23C-4140-AC9E-636988ECF667}.Release|Any CPU.ActiveCfg = Release|Any CPU
		{22D771B0-B23C-4140-AC9E-636988ECF667}.Release|Any CPU.Build.0 = Release|Any CPU
		{22D771B0-B23C-4140-AC9E-636988ECF667}.Release|Any CPU.Deploy.0 = Release|Any CPU
		{22D771B0-B23C-4140-AC9E-636988ECF667}.Release|iPhone.ActiveCfg = Release|Any CPU
		{22D771B0-B23C-4140-AC9E-636988ECF667}.Release|iPhone.Build.0 = Release|Any CPU
		{22D771B0-B23C-4140-AC9E-636988ECF667}.Release|iPhone.Deploy.0 = Release|Any CPU
		{22D771B0-B23C-4140-AC9E-636988ECF667}.Release|iPhoneSimulator.ActiveCfg = Release|Any CPU
		{22D771B0-B23C-4140-AC9E-636988ECF667}.Release|iPhoneSimulator.Build.0 = Release|Any CPU
		{22D771B0-B23C-4140-AC9E-636988ECF667}.Release|iPhoneSimulator.Deploy.0 = Release|Any CPU
	EndGlobalSection
	GlobalSection(SolutionProperties) = preSolution
		HideSolutionNode = FALSE
	EndGlobalSection
	GlobalSection(ExtensibilityGlobals) = postSolution
		SolutionGuid = {E813C023-0CB5-40E9-A2AE-13DB0FF4CD6B}
	EndGlobalSection
EndGlobal
